
Microsoft Visual Studio Solution File, Format Version 12.00
# Visual Studio 2013
VisualStudioVersion = 12.0.31101.0
MinimumVisualStudioVersion = 10.0.40219.1
Project("{FAE04EC0-301F-11D3-BF4B-00C04F79EFBC}") = "Faker", "Faker\Faker.csproj", "{CE1913CD-84EF-4108-96DD-5C12F8EA2CF8}"
EndProject
Project("{FAE04EC0-301F-11D3-BF4B-00C04F79EFBC}") = "Test", "Test\Test.csproj", "{5AF73E4C-338C-44FF-8BCA-A22F6B091337}"
EndProject
Project("{2150E333-8FDC-42A3-9474-1A3956D46DE8}") = ".nuget", ".nuget", "{A3F7AC58-AAD2-4528-9C84-700ADB2BC46D}"
	ProjectSection(SolutionItems) = preProject
		.nuget\packages.config = .nuget\packages.config
	EndProjectSection
EndProject
Global
	GlobalSection(SolutionConfigurationPlatforms) = preSolution
		Debug|Any CPU = Debug|Any CPU
		Release|Any CPU = Release|Any CPU
	EndGlobalSection
	GlobalSection(ProjectConfigurationPlatforms) = postSolution
		{CE1913CD-84EF-4108-96DD-5C12F8EA2CF8}.Debug|Any CPU.ActiveCfg = Debug|Any CPU
		{CE1913CD-84EF-4108-96DD-5C12F8EA2CF8}.Debug|Any CPU.Build.0 = Debug|Any CPU
		{CE1913CD-84EF-4108-96DD-5C12F8EA2CF8}.Release|Any CPU.ActiveCfg = Release|Any CPU
		{CE1913CD-84EF-4108-96DD-5C12F8EA2CF8}.Release|Any CPU.Build.0 = Release|Any CPU
		{5AF73E4C-338C-44FF-8BCA-A22F6B091337}.Debug|Any CPU.ActiveCfg = Debug|Any CPU
		{5AF73E4C-338C-44FF-8BCA-A22F6B091337}.Debug|Any CPU.Build.0 = Debug|Any CPU
		{5AF73E4C-338C-44FF-8BCA-A22F6B091337}.Release|Any CPU.ActiveCfg = Release|Any CPU
		{5AF73E4C-338C-44FF-8BCA-A22F6B091337}.Release|Any CPU.Build.0 = Release|Any CPU
	EndGlobalSection
	GlobalSection(SolutionProperties) = preSolution
		HideSolutionNode = FALSE
	EndGlobalSection
EndGlobal
